
Microsoft Visual Studio Solution File, Format Version 12.00
# Visual Studio Version 17
VisualStudioVersion = 17.3.32901.215
MinimumVisualStudioVersion = 10.0.40219.1
Project("{FAE04EC0-301F-11D3-BF4B-00C04F79EFBC}") = "WebAPI", "WebAPI\WebAPI.csproj", "{74E87B9B-6AB7-4C36-B8D9-BD2661BFC393}"
EndProject
Global
	GlobalSection(SolutionConfigurationPlatforms) = preSolution
		Debug|Any CPU = Debug|Any CPU
		Release|Any CPU = Release|Any CPU
	EndGlobalSection
	GlobalSection(ProjectConfigurationPlatforms) = postSolution
		{74E87B9B-6AB7-4C36-B8D9-BD2661BFC393}.Debug|Any CPU.ActiveCfg = Debug|Any CPU
		{74E87B9B-6AB7-4C36-B8D9-BD2661BFC393}.Debug|Any CPU.Build.0 = Debug|Any CPU
		{74E87B9B-6AB7-4C36-B8D9-BD2661BFC393}.Release|Any CPU.ActiveCfg = Release|Any CPU
		{74E87B9B-6AB7-4C36-B8D9-BD2661BFC393}.Release|Any CPU.Build.0 = Release|Any CPU
	EndGlobalSection
	GlobalSection(SolutionProperties) = preSolution
		HideSolutionNode = FALSE
	EndGlobalSection
	GlobalSection(ExtensibilityGlobals) = postSolution
		SolutionGuid = {03A9A0BF-C8AC-4B6A-A2B3-4CAAA4455922}
	EndGlobalSection
EndGlobal
